# THIS IS AN AUTOGENERATED FILE. DO NOT EDIT THIS FILE DIRECTLY.
# yarn lockfile v1


deepl-translator@^1.2.1:
  version "1.2.1"
  resolved "https://registry.yarnpkg.com/deepl-translator/-/deepl-translator-1.2.1.tgz#e645c217f987772c23c4c26d647cdd2fbfcc2fa3"
  integrity sha512-LwCksmzPwowOQu9yrdVl43rRrTKsXwlH/uVQxgL8KoCoCEoozA6wzN7oaAEoJSocccn5CoEc6MnXlQEya6rTzw==
